
Microsoft Visual Studio Solution File, Format Version 12.00
Project("{FAE04EC0-301F-11D3-BF4B-00C04F79EFBC}") = "ExercicioRetangulo", "ExercicioRetangulo\ExercicioRetangulo.csproj", "{67CE47CB-5C84-4BCB-A675-623DD85165C4}"
EndProject
Global
	GlobalSection(SolutionConfigurationPlatforms) = preSolution
		Debug|Any CPU = Debug|Any CPU
		Release|Any CPU = Release|Any CPU
	EndGlobalSection
	GlobalSection(ProjectConfigurationPlatforms) = postSolution
		{67CE47CB-5C84-4BCB-A675-623DD85165C4}.Debug|Any CPU.ActiveCfg = Debug|Any CPU
		{67CE47CB-5C84-4BCB-A675-623DD85165C4}.Debug|Any CPU.Build.0 = Debug|Any CPU
		{67CE47CB-5C84-4BCB-A675-623DD85165C4}.Release|Any CPU.ActiveCfg = Release|Any CPU
		{67CE47CB-5C84-4BCB-A675-623DD85165C4}.Release|Any CPU.Build.0 = Release|Any CPU
	EndGlobalSection
EndGlobal
